// !$*UTF8*$!
{
	archiveVersion = 1;
	classes = {
	};
	objectVersion = 46;
	objects = {

/* Begin PBXBuildFile section */
		FAB59F961D74E25900D4E687 /* AppDelegate.swift in Sources */ = {isa = PBXBuildFile; fileRef = FAB59F951D74E25900D4E687 /* AppDelegate.swift */; };
		FAB59F981D74E25900D4E687 /* ViewController.swift in Sources */ = {isa = PBXBuildFile; fileRef = FAB59F971D74E25900D4E687 /* ViewController.swift */; };
		FAB59F9B1D74E25900D4E687 /* Main.storyboard in Resources */ = {isa = PBXBuildFile; fileRef = FAB59F991D74E25900D4E687 /* Main.storyboard */; };
		FAB59F9D1D74E25900D4E687 /* Assets.xcassets in Resources */ = {isa = PBXBuildFile; fileRef = FAB59F9C1D74E25900D4E687 /* Assets.xcassets */; };
		FAB59FA01D74E25900D4E687 /* LaunchScreen.storyboard in Resources */ = {isa = PBXBuildFile; fileRef = FAB59F9E1D74E25900D4E687 /* LaunchScreen.storyboard */; };
/* End PBXBuildFile section */

/* Begin PBXFileReference section */
		FAB59F921D74E25900D4E687 /* Representative.app */ = {isa = PBXFileReference; explicitFileType = wrapper.application; includeInIndex = 0; path = Representative.app; sourceTree = BUILT_PRODUCTS_DIR; };
		FAB59F951D74E25900D4E687 /* AppDelegate.swift */ = {isa = PBXFileReference; lastKnownFileType = sourcecode.swift; path = AppDelegate.swift; sourceTree = "<group>"; };
		FAB59F971D74E25900D4E687 /* ViewController.swift */ = {isa = PBXFileReference; lastKnownFileType = sourcecode.swift; path = ViewController.swift; sourceTree = "<group>"; };
		FAB59F9A1D74E25900D4E687 /* Base */ = {isa = PBXFileReference; lastKnownFileType = file.storyboard; name = Base; path = Base.lproj/Main.storyboard; sourceTree = "<group>"; };
		FAB59F9C1D74E25900D4E687 /* Assets.xcassets */ = {isa = PBXFileReference; lastKnownFileType = folder.assetcatalog; path = Assets.xcassets; sourceTree = "<group>"; };
		FAB59F9F1D74E25900D4E687 /* Base */ = {isa = PBXFileReference; lastKnownFileType = file.storyboard; name = Base; path = Base.lproj/LaunchScreen.storyboard; sourceTree = "<group>"; };
		FAB59FA11D74E25900D4E687 /* Info.plist */ = {isa = PBXFileReference; lastKnownFileType = text.plist.xml; path = Info.plist; sourceTree = "<group>"; };
/* End PBXFileReference section */

/* Begin PBXFrameworksBuildPhase section */
		FAB59F8F1D74E25900D4E687 /* Frameworks */ = {
			isa = PBXFrameworksBuildPhase;
			buildActionMask = 2147483647;
			files = (
			);
			runOnlyForDeploymentPostprocessing = 0;
		};
/* End PBXFrameworksBuildPhase section */

/* Begin PBXGroup section */
		FAB59F891D74E25900D4E687 = {
			isa = PBXGroup;
			children = (
				FAB59F941D74E25900D4E687 /* Representative */,
				FAB59F931D74E25900D4E687 /* Products */,
			);
			sourceTree = "<group>";
		};
		FAB59F931D74E25900D4E687 /* Products */ = {
			isa = PBXGroup;
			children = (
				FAB59F921D74E25900D4E687 /* Representative.app */,
			);
			name = Products;
			sourceTree = "<group>";
		};
		FAB59F941D74E25900D4E687 /* Representative */ = {
			isa = PBXGroup;
			children = (
				FAB59F951D74E25900D4E687 /* AppDelegate.swift */,
				FAB59F971D74E25900D4E687 /* ViewController.swift */,
				FAB59F991D74E25900D4E687 /* Main.storyboard */,
				FAB59F9C1D74E25900D4E687 /* Assets.xcassets */,
				FAB59F9E1D74E25900D4E687 /* LaunchScreen.storyboard */,
				FAB59FA11D74E25900D4E687 /* Info.plist */,
			);
			path = Representative;
			sourceTree = "<group>";
		};
/* End PBXGroup section */

/* Begin PBXNativeTarget section */
		FAB59F911D74E25900D4E687 /* Representative */ = {
			isa = PBXNativeTarget;
			buildConfigurationList = FAB59FA41D74E25900D4E687 /* Build configuration list for PBXNativeTarget "Representative" */;
			buildPhases = (
				FAB59F8E1D74E25900D4E687 /* Sources */,
				FAB59F8F1D74E25900D4E687 /* Frameworks */,
				FAB59F901D74E25900D4E687 /* Resources */,
			);
			buildRules = (
			);
			dependencies = (
			);
			name = Representative;
			productName = Representative;
			productReference = FAB59F921D74E25900D4E687 /* Representative.app */;
			productType = "com.apple.product-type.application";
		};
/* End PBXNativeTarget section */

/* Begin PBXProject section */
		FAB59F8A1D74E25900D4E687 /* Project object */ = {
			isa = PBXProject;
			attributes = {
				LastSwiftUpdateCheck = 0730;
				LastUpgradeCheck = 0730;
				ORGANIZATIONNAME = "Austin Blaser";
				TargetAttributes = {
					FAB59F911D74E25900D4E687 = {
						CreatedOnToolsVersion = 7.3.1;
					};
				};
			};
			buildConfigurationList = FAB59F8D1D74E25900D4E687 /* Build configuration list for PBXProject "Representative" */;
			compatibilityVersion = "Xcode 3.2";
			developmentRegion = English;
			hasScannedForEncodings = 0;
			knownRegions = (
				en,
				Base,
			);
			mainGroup = FAB59F891D74E25900D4E687;
			productRefGroup = FAB59F931D74E25900D4E687 /* Products */;
			projectDirPath = "";
			projectRoot = "";
			targets = (
				FAB59F911D74E25900D4E687 /* Representative */,
			);
		};
/* End PBXProject section */

/* Begin PBXResourcesBuildPhase section */
		FAB59F901D74E25900D4E687 /* Resources */ = {
			isa = PBXResourcesBuildPhase;
			buildActionMask = 2147483647;
			files = (
				FAB59FA01D74E25900D4E687 /* LaunchScreen.storyboard in Resources */,
				FAB59F9D1D74E25900D4E687 /* Assets.xcassets in Resources */,
				FAB59F9B1D74E25900D4E687 /* Main.storyboard in Resources */,
			);
			runOnlyForDeploymentPostprocessing = 0;
		};
/* End PBXResourcesBuildPhase section */

/* Begin PBXSourcesBuildPhase section */
		FAB59F8E1D74E25900D4E687 /* Sources */ = {
			isa = PBXSourcesBuildPhase;
			buildActionMask = 2147483647;
			files = (
				FAB59F981D74E25900D4E687 /* ViewController.swift in Sources */,
				FAB59F961D74E25900D4E687 /* AppDelegate.swift in Sources */,
			);
			runOnlyForDeploymentPostprocessing = 0;
		};
/* End PBXSourcesBuildPhase section */

/* Begin PBXVariantGroup section */
		FAB59F991D74E25900D4E687 /* Main.storyboard */ = {
			isa = PBXVariantGroup;
			children = (
				FAB59F9A1D74E25900D4E687 /* Base */,
			);
			name = Main.storyboard;
			sourceTree = "<group>";
		};
		FAB59F9E1D74E25900D4E687 /* LaunchScreen.storyboard */ = {
			isa = PBXVariantGroup;
			children = (
				FAB59F9F1D74E25900D4E687 /* Base */,
			);
			name = LaunchScreen.storyboard;
			sourceTree = "<group>";
		};
/* End PBXVariantGroup section */

/* Begin XCBuildConfiguration section */
		FAB59FA21D74E25900D4E687 /* Debug */ = {
			isa = XCBuildConfiguration;
			buildSettings = {
				ALWAYS_SEARCH_USER_PATHS = NO;
				CLANG_ANALYZER_NONNULL = YES;
				CLANG_CXX_LANGUAGE_STANDARD = "gnu++0x";
				CLANG_CXX_LIBRARY = "libc++";
				CLANG_ENABLE_MODULES = YES;
				CLANG_ENABLE_OBJC_ARC = YES;
				CLANG_WARN_BOOL_CONVERSION = YES;
				CLANG_WARN_CONSTANT_CONVERSION = YES;
				CLANG_WARN_DIRECT_OBJC_ISA_USAGE = YES_ERROR;
				CLANG_WARN_EMPTY_BODY = YES;
				CLANG_WARN_ENUM_CONVERSION = YES;
				CLANG_WARN_INT_CONVERSION = YES;
				CLANG_WARN_OBJC_ROOT_CLASS = YES_ERROR;
				CLANG_WARN_UNREACHABLE_CODE = YES;
				CLANG_WARN__DUPLICATE_METHOD_MATCH = YES;
				"CODE_SIGN_IDENTITY[sdk=iphoneos*]" = "iPhone Developer";
				COPY_PHASE_STRIP = NO;
				DEBUG_INFORMATION_FORMAT = dwarf;
				ENABLE_STRICT_OBJC_MSGSEND = YES;
				ENABLE_TESTABILITY = YES;
				GCC_C_LANGUAGE_STANDARD = gnu99;
				GCC_DYNAMIC_NO_PIC = NO;
				GCC_NO_COMMON_BLOCKS = YES;
				GCC_OPTIMIZATION_LEVEL = 0;
				GCC_PREPROCESSOR_DEFINITIONS = (
					"DEBUG=1",
					"$(inherited)",
				);
				GCC_WARN_64_TO_32_BIT_CONVERSION = YES;
				GCC_WARN_ABOUT_RETURN_TYPE = YES_ERROR;
				GCC_WARN_UNDECLARED_SELECTOR = YES;
				GCC_WARN_UNINITIALIZED_AUTOS = YES_AGGRESSIVE;
				GCC_WARN_UNUSED_FUNCTION = YES;
				GCC_WARN_UNUSED_VARIABLE = YES;
				IPHONEOS_DEPLOYMENT_TARGET = 9.3;
				MTL_ENABLE_DEBUG_INFO = YES;
				ONLY_ACTIVE_ARCH = YES;
				SDKROOT = iphoneos;
				SWIFT_OPTIMIZATION_LEVEL = "-Onone";
				TARGETED_DEVICE_FAMILY = "1,2";
			};
			name = Debug;
		};
		FAB59FA31D74E25900D4E687 /* Release */ = {
			isa = XCBuildConfiguration;
			buildSettings = {
				ALWAYS_SEARCH_USER_PATHS = NO;
				CLANG_ANALYZER_NONNULL = YES;
				CLANG_CXX_LANGUAGE_STANDARD = "gnu++0x";
				CLANG_CXX_LIBRARY = "libc++";
				CLANG_ENABLE_MODULES = YES;
				CLANG_ENABLE_OBJC_ARC = YES;
				CLANG_WARN_BOOL_CONVERSION = YES;
				CLANG_WARN_CONSTANT_CONVERSION = YES;
				CLANG_WARN_DIRECT_OBJC_ISA_USAGE = YES_ERROR;
				CLANG_WARN_EMPTY_BODY = YES;
				CLANG_WARN_ENUM_CONVERSION = YES;
				CLANG_WARN_INT_CONVERSION = YES;
				CLANG_WARN_OBJC_ROOT_CLASS = YES_ERROR;
				CLANG_WARN_UNREACHABLE_CODE = YES;
				CLANG_WARN__DUPLICATE_METHOD_MATCH = YES;
				"CODE_SIGN_IDENTITY[sdk=iphoneos*]" = "iPhone Developer";
				COPY_PHASE_STRIP = NO;
				DEBUG_INFORMATION_FORMAT = "dwarf-with-dsym";
				ENABLE_NS_ASSERTIONS = NO;
				ENABLE_STRICT_OBJC_MSGSEND = YES;
				GCC_C_LANGUAGE_STANDARD = gnu99;
				GCC_NO_COMMON_BLOCKS = YES;
				GCC_WARN_64_TO_32_BIT_CONVERSION = YES;
				GCC_WARN_ABOUT_RETURN_TYPE = YES_ERROR;
				GCC_WARN_UNDECLARED_SELECTOR = YES;
				GCC_WARN_UNINITIALIZED_AUTOS = YES_AGGRESSIVE;
				GCC_WARN_UNUSED_FUNCTION = YES;
				GCC_WARN_UNUSED_VARIABLE = YES;
				IPHONEOS_DEPLOYMENT_TARGET = 9.3;
				MTL_ENABLE_DEBUG_INFO = NO;
				SDKROOT = iphoneos;
				TARGETED_DEVICE_FAMILY = "1,2";
				VALIDATE_PRODUCT = YES;
			};
			name = Release;
		};
		FAB59FA51D74E25900D4E687 /* Debug */ = {
			isa = XCBuildConfiguration;
			buildSettings = {
				ASSETCATALOG_COMPILER_APPICON_NAME = AppIcon;
				INFOPLIST_FILE = Representative/Info.plist;
				LD_RUNPATH_SEARCH_PATHS = "$(inherited) @executable_path/Frameworks";
				PRODUCT_BUNDLE_IDENTIFIER = com.AustinBlaser.Representative;
				PRODUCT_NAME = "$(TARGET_NAME)";
			};
			name = Debug;
		};
		FAB59FA61D74E25900D4E687 /* Release */ = {
			isa = XCBuildConfiguration;
			buildSettings = {
				ASSETCATALOG_COMPILER_APPICON_NAME = AppIcon;
				INFOPLIST_FILE = Representative/Info.plist;
				LD_RUNPATH_SEARCH_PATHS = "$(inherited) @executable_path/Frameworks";
				PRODUCT_BUNDLE_IDENTIFIER = com.AustinBlaser.Representative;
				PRODUCT_NAME = "$(TARGET_NAME)";
			};
			name = Release;
		};
/* End XCBuildConfiguration section */

/* Begin XCConfigurationList section */
		FAB59F8D1D74E25900D4E687 /* Build configuration list for PBXProject "Representative" */ = {
			isa = XCConfigurationList;
			buildConfigurations = (
				FAB59FA21D74E25900D4E687 /* Debug */,
				FAB59FA31D74E25900D4E687 /* Release */,
			);
			defaultConfigurationIsVisible = 0;
			defaultConfigurationName = Release;
		};
		FAB59FA41D74E25900D4E687 /* Build configuration list for PBXNativeTarget "Representative" */ = {
			isa = XCConfigurationList;
			buildConfigurations = (
				FAB59FA51D74E25900D4E687 /* Debug */,
				FAB59FA61D74E25900D4E687 /* Release */,
			);
			defaultConfigurationIsVisible = 0;
		};
/* End XCConfigurationList section */
	};
	rootObject = FAB59F8A1D74E25900D4E687 /* Project object */;
}
